
Microsoft Visual Studio Solution File, Format Version 12.00
# Visual Studio Version 17
VisualStudioVersion = 17.8.34511.84
MinimumVisualStudioVersion = 10.0.40219.1
Project("{FAE04EC0-301F-11D3-BF4B-00C04F79EFBC}") = "APISquad7", "APISquad7.csproj", "{AAAAFE10-A9A3-49DC-B4F4-FEE29C9396D5}"
EndProject
Global
	GlobalSection(SolutionConfigurationPlatforms) = preSolution
		Debug|Any CPU = Debug|Any CPU
		Release|Any CPU = Release|Any CPU
	EndGlobalSection
	GlobalSection(ProjectConfigurationPlatforms) = postSolution
		{AAAAFE10-A9A3-49DC-B4F4-FEE29C9396D5}.Debug|Any CPU.ActiveCfg = Debug|Any CPU
		{AAAAFE10-A9A3-49DC-B4F4-FEE29C9396D5}.Debug|Any CPU.Build.0 = Debug|Any CPU
		{AAAAFE10-A9A3-49DC-B4F4-FEE29C9396D5}.Release|Any CPU.ActiveCfg = Release|Any CPU
		{AAAAFE10-A9A3-49DC-B4F4-FEE29C9396D5}.Release|Any CPU.Build.0 = Release|Any CPU
	EndGlobalSection
	GlobalSection(SolutionProperties) = preSolution
		HideSolutionNode = FALSE
	EndGlobalSection
	GlobalSection(ExtensibilityGlobals) = postSolution
		SolutionGuid = {AF93E71B-EB43-49A8-8474-1A7FBB7DD089}
	EndGlobalSection
EndGlobal
